// !$*UTF8*$!
{
	archiveVersion = 1;
	classes = {
	};
	objectVersion = 46;
	objects = {

/* Begin PBXBuildFile section */
		F0D561C91D03A8420011076D /* AppDelegate.swift in Sources */ = {isa = PBXBuildFile; fileRef = F0D561C81D03A8420011076D /* AppDelegate.swift */; };
		F0D561CE1D03A8420011076D /* Main.storyboard in Resources */ = {isa = PBXBuildFile; fileRef = F0D561CC1D03A8420011076D /* Main.storyboard */; };
		F0D561D01D03A8420011076D /* Assets.xcassets in Resources */ = {isa = PBXBuildFile; fileRef = F0D561CF1D03A8420011076D /* Assets.xcassets */; };
		F0D561D31D03A8420011076D /* LaunchScreen.storyboard in Resources */ = {isa = PBXBuildFile; fileRef = F0D561D11D03A8420011076D /* LaunchScreen.storyboard */; };
		F0ED28371D045724008C6765 /* ProductViewController.swift in Sources */ = {isa = PBXBuildFile; fileRef = F0ED28361D045724008C6765 /* ProductViewController.swift */; };
		F0ED28391D045CD8008C6765 /* ContactViewController.swift in Sources */ = {isa = PBXBuildFile; fileRef = F0ED28381D045CD8008C6765 /* ContactViewController.swift */; };
		F0ED283B1D048F5F008C6765 /* ProductsTableViewController.swift in Sources */ = {isa = PBXBuildFile; fileRef = F0ED283A1D048F5F008C6765 /* ProductsTableViewController.swift */; };
		F0ED28411D04A316008C6765 /* Product.swift in Sources */ = {isa = PBXBuildFile; fileRef = F0ED28401D04A316008C6765 /* Product.swift */; };
/* End PBXBuildFile section */

/* Begin PBXFileReference section */
		F0D561C51D03A8420011076D /* GoodAsOldPhones.app */ = {isa = PBXFileReference; explicitFileType = wrapper.application; includeInIndex = 0; path = GoodAsOldPhones.app; sourceTree = BUILT_PRODUCTS_DIR; };
		F0D561C81D03A8420011076D /* AppDelegate.swift */ = {isa = PBXFileReference; lastKnownFileType = sourcecode.swift; path = AppDelegate.swift; sourceTree = "<group>"; };
		F0D561CD1D03A8420011076D /* Base */ = {isa = PBXFileReference; lastKnownFileType = file.storyboard; name = Base; path = Base.lproj/Main.storyboard; sourceTree = "<group>"; };
		F0D561CF1D03A8420011076D /* Assets.xcassets */ = {isa = PBXFileReference; lastKnownFileType = folder.assetcatalog; path = Assets.xcassets; sourceTree = "<group>"; };
		F0D561D21D03A8420011076D /* Base */ = {isa = PBXFileReference; lastKnownFileType = file.storyboard; name = Base; path = Base.lproj/LaunchScreen.storyboard; sourceTree = "<group>"; };
		F0D561D41D03A8420011076D /* Info.plist */ = {isa = PBXFileReference; lastKnownFileType = text.plist.xml; path = Info.plist; sourceTree = "<group>"; };
		F0ED28361D045724008C6765 /* ProductViewController.swift */ = {isa = PBXFileReference; fileEncoding = 4; lastKnownFileType = sourcecode.swift; path = ProductViewController.swift; sourceTree = "<group>"; };
		F0ED28381D045CD8008C6765 /* ContactViewController.swift */ = {isa = PBXFileReference; fileEncoding = 4; lastKnownFileType = sourcecode.swift; path = ContactViewController.swift; sourceTree = "<group>"; };
		F0ED283A1D048F5F008C6765 /* ProductsTableViewController.swift */ = {isa = PBXFileReference; fileEncoding = 4; lastKnownFileType = sourcecode.swift; path = ProductsTableViewController.swift; sourceTree = "<group>"; };
		F0ED28401D04A316008C6765 /* Product.swift */ = {isa = PBXFileReference; fileEncoding = 4; lastKnownFileType = sourcecode.swift; path = Product.swift; sourceTree = "<group>"; };
/* End PBXFileReference section */

/* Begin PBXFrameworksBuildPhase section */
		F0D561C21D03A8420011076D /* Frameworks */ = {
			isa = PBXFrameworksBuildPhase;
			buildActionMask = 2147483647;
			files = (
			);
			runOnlyForDeploymentPostprocessing = 0;
		};
/* End PBXFrameworksBuildPhase section */

/* Begin PBXGroup section */
		F0D561BC1D03A8420011076D = {
			isa = PBXGroup;
			children = (
				F0D561C71D03A8420011076D /* GoodAsOldPhones */,
				F0D561C61D03A8420011076D /* Products */,
			);
			sourceTree = "<group>";
		};
		F0D561C61D03A8420011076D /* Products */ = {
			isa = PBXGroup;
			children = (
				F0D561C51D03A8420011076D /* GoodAsOldPhones.app */,
			);
			name = Products;
			sourceTree = "<group>";
		};
		F0D561C71D03A8420011076D /* GoodAsOldPhones */ = {
			isa = PBXGroup;
			children = (
				F0D561C81D03A8420011076D /* AppDelegate.swift */,
				F0D561CC1D03A8420011076D /* Main.storyboard */,
				F0D561CF1D03A8420011076D /* Assets.xcassets */,
				F0D561D11D03A8420011076D /* LaunchScreen.storyboard */,
				F0D561D41D03A8420011076D /* Info.plist */,
				F0ED28361D045724008C6765 /* ProductViewController.swift */,
				F0ED28381D045CD8008C6765 /* ContactViewController.swift */,
				F0ED283A1D048F5F008C6765 /* ProductsTableViewController.swift */,
				F0ED28401D04A316008C6765 /* Product.swift */,
			);
			path = GoodAsOldPhones;
			sourceTree = "<group>";
		};
/* End PBXGroup section */

/* Begin PBXNativeTarget section */
		F0D561C41D03A8420011076D /* GoodAsOldPhones */ = {
			isa = PBXNativeTarget;
			buildConfigurationList = F0D561D71D03A8420011076D /* Build configuration list for PBXNativeTarget "GoodAsOldPhones" */;
			buildPhases = (
				F0D561C11D03A8420011076D /* Sources */,
				F0D561C21D03A8420011076D /* Frameworks */,
				F0D561C31D03A8420011076D /* Resources */,
			);
			buildRules = (
			);
			dependencies = (
			);
			name = GoodAsOldPhones;
			productName = GoodAsOldPhones;
			productReference = F0D561C51D03A8420011076D /* GoodAsOldPhones.app */;
			productType = "com.apple.product-type.application";
		};
/* End PBXNativeTarget section */

/* Begin PBXProject section */
		F0D561BD1D03A8420011076D /* Project object */ = {
			isa = PBXProject;
			attributes = {
				LastSwiftUpdateCheck = 0730;
				LastUpgradeCheck = 0730;
				ORGANIZATIONNAME = Guillaume;
				TargetAttributes = {
					F0D561C41D03A8420011076D = {
						CreatedOnToolsVersion = 7.3.1;
					};
				};
			};
			buildConfigurationList = F0D561C01D03A8420011076D /* Build configuration list for PBXProject "GoodAsOldPhones" */;
			compatibilityVersion = "Xcode 3.2";
			developmentRegion = English;
			hasScannedForEncodings = 0;
			knownRegions = (
				en,
				Base,
			);
			mainGroup = F0D561BC1D03A8420011076D;
			productRefGroup = F0D561C61D03A8420011076D /* Products */;
			projectDirPath = "";
			projectRoot = "";
			targets = (
				F0D561C41D03A8420011076D /* GoodAsOldPhones */,
			);
		};
/* End PBXProject section */

/* Begin PBXResourcesBuildPhase section */
		F0D561C31D03A8420011076D /* Resources */ = {
			isa = PBXResourcesBuildPhase;
			buildActionMask = 2147483647;
			files = (
				F0D561D31D03A8420011076D /* LaunchScreen.storyboard in Resources */,
				F0D561D01D03A8420011076D /* Assets.xcassets in Resources */,
				F0D561CE1D03A8420011076D /* Main.storyboard in Resources */,
			);
			runOnlyForDeploymentPostprocessing = 0;
		};
/* End PBXResourcesBuildPhase section */

/* Begin PBXSourcesBuildPhase section */
		F0D561C11D03A8420011076D /* Sources */ = {
			isa = PBXSourcesBuildPhase;
			buildActionMask = 2147483647;
			files = (
				F0ED28371D045724008C6765 /* ProductViewController.swift in Sources */,
				F0ED283B1D048F5F008C6765 /* ProductsTableViewController.swift in Sources */,
				F0ED28411D04A316008C6765 /* Product.swift in Sources */,
				F0D561C91D03A8420011076D /* AppDelegate.swift in Sources */,
				F0ED28391D045CD8008C6765 /* ContactViewController.swift in Sources */,
			);
			runOnlyForDeploymentPostprocessing = 0;
		};
/* End PBXSourcesBuildPhase section */

/* Begin PBXVariantGroup section */
		F0D561CC1D03A8420011076D /* Main.storyboard */ = {
			isa = PBXVariantGroup;
			children = (
				F0D561CD1D03A8420011076D /* Base */,
			);
			name = Main.storyboard;
			sourceTree = "<group>";
		};
		F0D561D11D03A8420011076D /* LaunchScreen.storyboard */ = {
			isa = PBXVariantGroup;
			children = (
				F0D561D21D03A8420011076D /* Base */,
			);
			name = LaunchScreen.storyboard;
			sourceTree = "<group>";
		};
/* End PBXVariantGroup section */

/* Begin XCBuildConfiguration section */
		F0D561D51D03A8420011076D /* Debug */ = {
			isa = XCBuildConfiguration;
			buildSettings = {
				ALWAYS_SEARCH_USER_PATHS = NO;
				CLANG_ANALYZER_NONNULL = YES;
				CLANG_CXX_LANGUAGE_STANDARD = "gnu++0x";
				CLANG_CXX_LIBRARY = "libc++";
				CLANG_ENABLE_MODULES = YES;
				CLANG_ENABLE_OBJC_ARC = YES;
				CLANG_WARN_BOOL_CONVERSION = YES;
				CLANG_WARN_CONSTANT_CONVERSION = YES;
				CLANG_WARN_DIRECT_OBJC_ISA_USAGE = YES_ERROR;
				CLANG_WARN_EMPTY_BODY = YES;
				CLANG_WARN_ENUM_CONVERSION = YES;
				CLANG_WARN_INT_CONVERSION = YES;
				CLANG_WARN_OBJC_ROOT_CLASS = YES_ERROR;
				CLANG_WARN_UNREACHABLE_CODE = YES;
				CLANG_WARN__DUPLICATE_METHOD_MATCH = YES;
				"CODE_SIGN_IDENTITY[sdk=iphoneos*]" = "iPhone Developer";
				COPY_PHASE_STRIP = NO;
				DEBUG_INFORMATION_FORMAT = dwarf;
				ENABLE_STRICT_OBJC_MSGSEND = YES;
				ENABLE_TESTABILITY = YES;
				GCC_C_LANGUAGE_STANDARD = gnu99;
				GCC_DYNAMIC_NO_PIC = NO;
				GCC_NO_COMMON_BLOCKS = YES;
				GCC_OPTIMIZATION_LEVEL = 0;
				GCC_PREPROCESSOR_DEFINITIONS = (
					"DEBUG=1",
					"$(inherited)",
				);
				GCC_WARN_64_TO_32_BIT_CONVERSION = YES;
				GCC_WARN_ABOUT_RETURN_TYPE = YES_ERROR;
				GCC_WARN_UNDECLARED_SELECTOR = YES;
				GCC_WARN_UNINITIALIZED_AUTOS = YES_AGGRESSIVE;
				GCC_WARN_UNUSED_FUNCTION = YES;
				GCC_WARN_UNUSED_VARIABLE = YES;
				IPHONEOS_DEPLOYMENT_TARGET = 9.3;
				MTL_ENABLE_DEBUG_INFO = YES;
				ONLY_ACTIVE_ARCH = YES;
				SDKROOT = iphoneos;
				SWIFT_OPTIMIZATION_LEVEL = "-Onone";
			};
			name = Debug;
		};
		F0D561D61D03A8420011076D /* Release */ = {
			isa = XCBuildConfiguration;
			buildSettings = {
				ALWAYS_SEARCH_USER_PATHS = NO;
				CLANG_ANALYZER_NONNULL = YES;
				CLANG_CXX_LANGUAGE_STANDARD = "gnu++0x";
				CLANG_CXX_LIBRARY = "libc++";
				CLANG_ENABLE_MODULES = YES;
				CLANG_ENABLE_OBJC_ARC = YES;
				CLANG_WARN_BOOL_CONVERSION = YES;
				CLANG_WARN_CONSTANT_CONVERSION = YES;
				CLANG_WARN_DIRECT_OBJC_ISA_USAGE = YES_ERROR;
				CLANG_WARN_EMPTY_BODY = YES;
				CLANG_WARN_ENUM_CONVERSION = YES;
				CLANG_WARN_INT_CONVERSION = YES;
				CLANG_WARN_OBJC_ROOT_CLASS = YES_ERROR;
				CLANG_WARN_UNREACHABLE_CODE = YES;
				CLANG_WARN__DUPLICATE_METHOD_MATCH = YES;
				"CODE_SIGN_IDENTITY[sdk=iphoneos*]" = "iPhone Developer";
				COPY_PHASE_STRIP = NO;
				DEBUG_INFORMATION_FORMAT = "dwarf-with-dsym";
				ENABLE_NS_ASSERTIONS = NO;
				ENABLE_STRICT_OBJC_MSGSEND = YES;
				GCC_C_LANGUAGE_STANDARD = gnu99;
				GCC_NO_COMMON_BLOCKS = YES;
				GCC_WARN_64_TO_32_BIT_CONVERSION = YES;
				GCC_WARN_ABOUT_RETURN_TYPE = YES_ERROR;
				GCC_WARN_UNDECLARED_SELECTOR = YES;
				GCC_WARN_UNINITIALIZED_AUTOS = YES_AGGRESSIVE;
				GCC_WARN_UNUSED_FUNCTION = YES;
				GCC_WARN_UNUSED_VARIABLE = YES;
				IPHONEOS_DEPLOYMENT_TARGET = 9.3;
				MTL_ENABLE_DEBUG_INFO = NO;
				SDKROOT = iphoneos;
				VALIDATE_PRODUCT = YES;
			};
			name = Release;
		};
		F0D561D81D03A8420011076D /* Debug */ = {
			isa = XCBuildConfiguration;
			buildSettings = {
				ASSETCATALOG_COMPILER_APPICON_NAME = AppIcon;
				INFOPLIST_FILE = GoodAsOldPhones/Info.plist;
				LD_RUNPATH_SEARCH_PATHS = "$(inherited) @executable_path/Frameworks";
				PRODUCT_BUNDLE_IDENTIFIER = com.occuly.GoodAsOldPhones;
				PRODUCT_NAME = "$(TARGET_NAME)";
			};
			name = Debug;
		};
		F0D561D91D03A8420011076D /* Release */ = {
			isa = XCBuildConfiguration;
			buildSettings = {
				ASSETCATALOG_COMPILER_APPICON_NAME = AppIcon;
				INFOPLIST_FILE = GoodAsOldPhones/Info.plist;
				LD_RUNPATH_SEARCH_PATHS = "$(inherited) @executable_path/Frameworks";
				PRODUCT_BUNDLE_IDENTIFIER = com.occuly.GoodAsOldPhones;
				PRODUCT_NAME = "$(TARGET_NAME)";
			};
			name = Release;
		};
/* End XCBuildConfiguration section */

/* Begin XCConfigurationList section */
		F0D561C01D03A8420011076D /* Build configuration list for PBXProject "GoodAsOldPhones" */ = {
			isa = XCConfigurationList;
			buildConfigurations = (
				F0D561D51D03A8420011076D /* Debug */,
				F0D561D61D03A8420011076D /* Release */,
			);
			defaultConfigurationIsVisible = 0;
			defaultConfigurationName = Release;
		};
		F0D561D71D03A8420011076D /* Build configuration list for PBXNativeTarget "GoodAsOldPhones" */ = {
			isa = XCConfigurationList;
			buildConfigurations = (
				F0D561D81D03A8420011076D /* Debug */,
				F0D561D91D03A8420011076D /* Release */,
			);
			defaultConfigurationIsVisible = 0;
			defaultConfigurationName = Release;
		};
/* End XCConfigurationList section */
	};
	rootObject = F0D561BD1D03A8420011076D /* Project object */;
}
